
Microsoft Visual Studio Solution File, Format Version 12.00
# Visual Studio Version 17
VisualStudioVersion = 17.8.34330.188
MinimumVisualStudioVersion = 10.0.40219.1
Project("{FAE04EC0-301F-11D3-BF4B-00C04F79EFBC}") = "MyWebServer.HTTP", "MyWebServer.HTTP\MyWebServer.HTTP.csproj", "{A9678853-E252-43EF-90F6-CDF99DB97BC3}"
EndProject
Project("{FAE04EC0-301F-11D3-BF4B-00C04F79EFBC}") = "MyWebServer.StartUp", "MyWebServer.StartUp\MyWebServer.StartUp.csproj", "{58040FD8-C480-426E-B08C-4C7E0CD73F61}"
EndProject
Global
	GlobalSection(SolutionConfigurationPlatforms) = preSolution
		Debug|Any CPU = Debug|Any CPU
		Release|Any CPU = Release|Any CPU
	EndGlobalSection
	GlobalSection(ProjectConfigurationPlatforms) = postSolution
		{A9678853-E252-43EF-90F6-CDF99DB97BC3}.Debug|Any CPU.ActiveCfg = Debug|Any CPU
		{A9678853-E252-43EF-90F6-CDF99DB97BC3}.Debug|Any CPU.Build.0 = Debug|Any CPU
		{A9678853-E252-43EF-90F6-CDF99DB97BC3}.Release|Any CPU.ActiveCfg = Release|Any CPU
		{A9678853-E252-43EF-90F6-CDF99DB97BC3}.Release|Any CPU.Build.0 = Release|Any CPU
		{58040FD8-C480-426E-B08C-4C7E0CD73F61}.Debug|Any CPU.ActiveCfg = Debug|Any CPU
		{58040FD8-C480-426E-B08C-4C7E0CD73F61}.Debug|Any CPU.Build.0 = Debug|Any CPU
		{58040FD8-C480-426E-B08C-4C7E0CD73F61}.Release|Any CPU.ActiveCfg = Release|Any CPU
		{58040FD8-C480-426E-B08C-4C7E0CD73F61}.Release|Any CPU.Build.0 = Release|Any CPU
	EndGlobalSection
	GlobalSection(SolutionProperties) = preSolution
		HideSolutionNode = FALSE
	EndGlobalSection
	GlobalSection(ExtensibilityGlobals) = postSolution
		SolutionGuid = {88092E91-65ED-4081-B253-D66E9AB7994A}
	EndGlobalSection
EndGlobal
